
Microsoft Visual Studio Solution File, Format Version 12.00
# Visual Studio 15
VisualStudioVersion = 15.0.28307.1321
MinimumVisualStudioVersion = 10.0.40219.1
Project("{FAE04EC0-301F-11D3-BF4B-00C04F79EFBC}") = "AutomationTask1", "AutomationTask\AutomationTask1.csproj", "{4A8DDFFB-5BB1-4772-84DC-CDC582F1FF2D}"
EndProject
Global
	GlobalSection(SolutionConfigurationPlatforms) = preSolution
		Debug|Any CPU = Debug|Any CPU
		Release|Any CPU = Release|Any CPU
	EndGlobalSection
	GlobalSection(ProjectConfigurationPlatforms) = postSolution
		{4A8DDFFB-5BB1-4772-84DC-CDC582F1FF2D}.Debug|Any CPU.ActiveCfg = Debug|Any CPU
		{4A8DDFFB-5BB1-4772-84DC-CDC582F1FF2D}.Debug|Any CPU.Build.0 = Debug|Any CPU
		{4A8DDFFB-5BB1-4772-84DC-CDC582F1FF2D}.Release|Any CPU.ActiveCfg = Release|Any CPU
		{4A8DDFFB-5BB1-4772-84DC-CDC582F1FF2D}.Release|Any CPU.Build.0 = Release|Any CPU
	EndGlobalSection
	GlobalSection(SolutionProperties) = preSolution
		HideSolutionNode = FALSE
	EndGlobalSection
	GlobalSection(ExtensibilityGlobals) = postSolution
		SolutionGuid = {F8B2A3B4-F68C-4709-B2B0-3244CE28FA0B}
	EndGlobalSection
EndGlobal
